
Microsoft Visual Studio Solution File, Format Version 12.00
# Visual Studio Version 16
VisualStudioVersion = 16.0.31702.278
MinimumVisualStudioVersion = 10.0.40219.1
Project("{FAE04EC0-301F-11D3-BF4B-00C04F79EFBC}") = "Fuvar", "Fuvar\Fuvar.csproj", "{24A826D8-2082-457C-B423-60D73B071BE5}"
EndProject
Global
	GlobalSection(SolutionConfigurationPlatforms) = preSolution
		Debug|Any CPU = Debug|Any CPU
		Release|Any CPU = Release|Any CPU
	EndGlobalSection
	GlobalSection(ProjectConfigurationPlatforms) = postSolution
		{24A826D8-2082-457C-B423-60D73B071BE5}.Debug|Any CPU.ActiveCfg = Debug|Any CPU
		{24A826D8-2082-457C-B423-60D73B071BE5}.Debug|Any CPU.Build.0 = Debug|Any CPU
		{24A826D8-2082-457C-B423-60D73B071BE5}.Release|Any CPU.ActiveCfg = Release|Any CPU
		{24A826D8-2082-457C-B423-60D73B071BE5}.Release|Any CPU.Build.0 = Release|Any CPU
	EndGlobalSection
	GlobalSection(SolutionProperties) = preSolution
		HideSolutionNode = FALSE
	EndGlobalSection
	GlobalSection(ExtensibilityGlobals) = postSolution
		SolutionGuid = {3C97AC1F-8C6A-4F69-B6D3-0B7FCA67FF5B}
	EndGlobalSection
EndGlobal
